version = 1
revision = 3
requires-python = ">=3.11"
resolution-markers = [
    "python_full_version >= '3.12'",
    "python_full_version < '3.12'",
]

[[package]]
name = "cargo-subset"
version = "0.1.0"
source = { editable = "." }
dependencies = [
    { name = "click" },
    { name = "toolz" },
    { name = "tree-sitter" },
    { name = "tree-sitter-languages" },
]

[package.dev-dependencies]
dev = [
    { name = "pytest" },
    { name = "ruff" },
]

[package.metadata]
requires-dist = [
    { name = "click", specifier = ">=8.1" },
    { name = "toolz", specifier = ">=0.12" },
    { name = "tree-sitter", specifier = "==0.20.4" },
    { name = "tree-sitter-languages", specifier = "==1.10.2" },
]

[package.metadata.requires-dev]
dev = [
    { name = "pytest", specifier = ">=9.0.2" },
    { name = "ruff", specifier = ">=0.15.1" },
]

[[package]]
name = "click"
version = "8.3.1"
source = { registry = "https://pypi.org/simple" }
dependencies = [
    { name = "colorama", marker = "sys_platform == 'win32'" },
]
sdist = { url = "https://files.pythonhosted.org/packages/3d/fa/656b739db8587d7b5dfa22e22ed02566950fbfbcdc20311993483657a5c0/click-8.3.1.tar.gz", hash = "sha256:12ff4785d337a1bb490bb7e9c2b1ee5da3112e94a8622f26a6c77f5d2fc6842a", size = 295065, upload-time = "2025-11-15T20:45:42.706Z" }
wheels = [
    { url = "https://files.pythonhosted.org/packages/98/78/01c019cdb5d6498122777c1a43056ebb3ebfeef2076d9d026bfe15583b2b/click-8.3.1-py3-none-any.whl", hash = "sha256:981153a64e25f12d547d3426c367a4857371575ee7ad18df2a6183ab0545b2a6", size = 108274, upload-time = "2025-11-15T20:45:41.139Z" },
]

[[package]]
name = "colorama"
version = "0.4.6"
source = { registry = "https://pypi.org/simple" }
sdist = { url = "https://files.pythonhosted.org/packages/d8/53/6f443c9a4a8358a93a6792e2acffb9d9d5cb0a5cfd8802644b7b1c9a02e4/colorama-0.4.6.tar.gz", hash = "sha256:08695f5cb7ed6e0531a20572697297273c47b8cae5a63ffc6d6ed5c201be6e44", size = 27697, upload-time = "2022-10-25T02:36:22.414Z" }
wheels = [
    { url = "https://files.pythonhosted.org/packages/d1/d6/3965ed04c63042e047cb6a3e6ed1a63a35087b6a609aa3a15ed8ac56c221/colorama-0.4.6-py2.py3-none-any.whl", hash = "sha256:4f1d9991f5acc0ca119f9d443620b77f9d6b33703e51011c16baf57afb285fc6", size = 25335, upload-time = "2022-10-25T02:36:20.889Z" },
]

[[package]]
name = "iniconfig"
version = "2.3.0"
source = { registry = "https://pypi.org/simple" }
sdist = { url = "https://files.pythonhosted.org/packages/72/34/14ca021ce8e5dfedc35312d08ba8bf51fdd999c576889fc2c24cb97f4f10/iniconfig-2.3.0.tar.gz", hash = "sha256:c76315c77db068650d49c5b56314774a7804df16fee4402c1f19d6d15d8c4730", size = 20503, upload-time = "2025-10-18T21:55:43.219Z" }
wheels = [
    { url = "https://files.pythonhosted.org/packages/cb/b1/3846dd7f199d53cb17f49cba7e651e9ce294d8497c8c150530ed11865bb8/iniconfig-2.3.0-py3-none-any.whl", hash = "sha256:f631c04d2c48c52b84d0d0549c99ff3859c98df65b3101406327ecc7d53fbf12", size = 7484, upload-time = "2025-10-18T21:55:41.639Z" },
]

[[package]]
name = "packaging"
version = "26.0"
source = { registry = "https://pypi.org/simple" }
sdist = { url = "https://files.pythonhosted.org/packages/65/ee/299d360cdc32edc7d2cf530f3accf79c4fca01e96ffc950d8a52213bd8e4/packaging-26.0.tar.gz", hash = "sha256:00243ae351a257117b6a241061796684b084ed1c516a08c48a3f7e147a9d80b4", size = 143416, upload-time = "2026-01-21T20:50:39.064Z" }
wheels = [
    { url = "https://files.pythonhosted.org/packages/b7/b9/c538f279a4e237a006a2c98387d081e9eb060d203d8ed34467cc0f0b9b53/packaging-26.0-py3-none-any.whl", hash = "sha256:b36f1fef9334a5588b4166f8bcd26a14e521f2b55e6b9de3aaa80d3ff7a37529", size = 74366, upload-time = "2026-01-21T20:50:37.788Z" },
]

[[package]]
name = "pluggy"
version = "1.6.0"
source = { registry = "https://pypi.org/simple" }
sdist = { url = "https://files.pythonhosted.org/packages/f9/e2/3e91f31a7d2b083fe6ef3fa267035b518369d9511ffab804f839851d2779/pluggy-1.6.0.tar.gz", hash = "sha256:7dcc130b76258d33b90f61b658791dede3486c3e6bfb003ee5c9bfb396dd22f3", size = 69412, upload-time = "2025-05-15T12:30:07.975Z" }
wheels = [
    { url = "https://files.pythonhosted.org/packages/54/20/4d324d65cc6d9205fabedc306948156824eb9f0ee1633355a8f7ec5c66bf/pluggy-1.6.0-py3-none-any.whl", hash = "sha256:e920276dd6813095e9377c0bc5566d94c932c33b27a3e3945d8389c374dd4746", size = 20538, upload-time = "2025-05-15T12:30:06.134Z" },
]

[[package]]
name = "pygments"
version = "2.19.2"
source = { registry = "https://pypi.org/simple" }
sdist = { url = "https://files.pythonhosted.org/packages/b0/77/a5b8c569bf593b0140bde72ea885a803b82086995367bf2037de0159d924/pygments-2.19.2.tar.gz", hash = "sha256:636cb2477cec7f8952536970bc533bc43743542f70392ae026374600add5b887", size = 4968631, upload-time = "2025-06-21T13:39:12.283Z" }
wheels = [
    { url = "https://files.pythonhosted.org/packages/c7/21/705964c7812476f378728bdf590ca4b771ec72385c533964653c68e86bdc/pygments-2.19.2-py3-none-any.whl", hash = "sha256:86540386c03d588bb81d44bc3928634ff26449851e99741617ecb9037ee5ec0b", size = 1225217, upload-time = "2025-06-21T13:39:07.939Z" },
]

[[package]]
name = "pytest"
version = "9.0.2"
source = { registry = "https://pypi.org/simple" }
dependencies = [
    { name = "colorama", marker = "sys_platform == 'win32'" },
    { name = "iniconfig" },
    { name = "packaging" },
    { name = "pluggy" },
    { name = "pygments" },
]
sdist = { url = "https://files.pythonhosted.org/packages/d1/db/7ef3487e0fb0049ddb5ce41d3a49c235bf9ad299b6a25d5780a89f19230f/pytest-9.0.2.tar.gz", hash = "sha256:75186651a92bd89611d1d9fc20f0b4345fd827c41ccd5c299a868a05d70edf11", size = 1568901, upload-time = "2025-12-06T21:30:51.014Z" }
wheels = [
    { url = "https://files.pythonhosted.org/packages/3b/ab/b3226f0bd7cdcf710fbede2b3548584366da3b19b5021e74f5bde2a8fa3f/pytest-9.0.2-py3-none-any.whl", hash = "sha256:711ffd45bf766d5264d487b917733b453d917afd2b0ad65223959f59089f875b", size = 374801, upload-time = "2025-12-06T21:30:49.154Z" },
]

[[package]]
name = "ruff"
version = "0.15.1"
source = { registry = "https://pypi.org/simple" }
sdist = { url = "https://files.pythonhosted.org/packages/04/dc/4e6ac71b511b141cf626357a3946679abeba4cf67bc7cc5a17920f31e10d/ruff-0.15.1.tar.gz", hash = "sha256:c590fe13fb57c97141ae975c03a1aedb3d3156030cabd740d6ff0b0d601e203f", size = 4540855, upload-time = "2026-02-12T23:09:09.998Z" }
wheels = [
    { url = "https://files.pythonhosted.org/packages/23/bf/e6e4324238c17f9d9120a9d60aa99a7daaa21204c07fcd84e2ef03bb5fd1/ruff-0.15.1-py3-none-linux_armv6l.whl", hash = "sha256:b101ed7cf4615bda6ffe65bdb59f964e9f4a0d3f85cbf0e54f0ab76d7b90228a", size = 10367819, upload-time = "2026-02-12T23:09:03.598Z" },
    { url = "https://files.pythonhosted.org/packages/b3/ea/c8f89d32e7912269d38c58f3649e453ac32c528f93bb7f4219258be2e7ed/ruff-0.15.1-py3-none-macosx_10_12_x86_64.whl", hash = "sha256:939c995e9277e63ea632cc8d3fae17aa758526f49a9a850d2e7e758bfef46602", size = 10798618, upload-time = "2026-02-12T23:09:22.928Z" },
    { url = "https://files.pythonhosted.org/packages/5e/0f/1d0d88bc862624247d82c20c10d4c0f6bb2f346559d8af281674cf327f15/ruff-0.15.1-py3-none-macosx_11_0_arm64.whl", hash = "sha256:1d83466455fdefe60b8d9c8df81d3c1bbb2115cede53549d3b522ce2bc703899", size = 10148518, upload-time = "2026-02-12T23:08:58.339Z" },
    { url = "https://files.pythonhosted.org/packages/f5/c8/291c49cefaa4a9248e986256df2ade7add79388fe179e0691be06fae6f37/ruff-0.15.1-py3-none-manylinux_2_17_aarch64.manylinux2014_aarch64.whl", hash = "sha256:a9457e3c3291024866222b96108ab2d8265b477e5b1534c7ddb1810904858d16", size = 10518811, upload-time = "2026-02-12T23:09:31.865Z" },
    { url = "https://files.pythonhosted.org/packages/c3/1a/f5707440e5ae43ffa5365cac8bbb91e9665f4a883f560893829cf16a606b/ruff-0.15.1-py3-none-manylinux_2_17_armv7l.manylinux2014_armv7l.whl", hash = "sha256:92c92b003e9d4f7fbd33b1867bb15a1b785b1735069108dfc23821ba045b29bc", size = 10196169, upload-time = "2026-02-12T23:09:17.306Z" },
    { url = "https://files.pythonhosted.org/packages/2a/ff/26ddc8c4da04c8fd3ee65a89c9fb99eaa5c30394269d424461467be2271f/ruff-0.15.1-py3-none-manylinux_2_17_i686.manylinux2014_i686.whl", hash = "sha256:1fe5c41ab43e3a06778844c586251eb5a510f67125427625f9eb2b9526535779", size = 10990491, upload-time = "2026-02-12T23:09:25.503Z" },
    { url = "https://files.pythonhosted.org/packages/fc/00/50920cb385b89413f7cdb4bb9bc8fc59c1b0f30028d8bccc294189a54955/ruff-0.15.1-py3-none-manylinux_2_17_ppc64le.manylinux2014_ppc64le.whl", hash = "sha256:66a6dd6df4d80dc382c6484f8ce1bcceb55c32e9f27a8b94c32f6c7331bf14fb", size = 11843280, upload-time = "2026-02-12T23:09:19.88Z" },
    { url = "https://files.pythonhosted.org/packages/5d/6d/2f5cad8380caf5632a15460c323ae326f1e1a2b5b90a6ee7519017a017ca/ruff-0.15.1-py3-none-manylinux_2_17_s390x.manylinux2014_s390x.whl", hash = "sha256:6a4a42cbb8af0bda9bcd7606b064d7c0bc311a88d141d02f78920be6acb5aa83", size = 11274336, upload-time = "2026-02-12T23:09:14.907Z" },
    { url = "https://files.pythonhosted.org/packages/a3/1d/5f56cae1d6c40b8a318513599b35ea4b075d7dc1cd1d04449578c29d1d75/ruff-0.15.1-py3-none-manylinux_2_17_x86_64.manylinux2014_x86_64.whl", hash = "sha256:4ab064052c31dddada35079901592dfba2e05f5b1e43af3954aafcbc1096a5b2", size = 11137288, upload-time = "2026-02-12T23:09:07.475Z" },
    { url = "https://files.pythonhosted.org/packages/cd/20/6f8d7d8f768c93b0382b33b9306b3b999918816da46537d5a61635514635/ruff-0.15.1-py3-none-manylinux_2_31_riscv64.whl", hash = "sha256:5631c940fe9fe91f817a4c2ea4e81f47bee3ca4aa646134a24374f3c19ad9454", size = 11070681, upload-time = "2026-02-12T23:08:55.43Z" },
    { url = "https://files.pythonhosted.org/packages/9a/67/d640ac76069f64cdea59dba02af2e00b1fa30e2103c7f8d049c0cff4cafd/ruff-0.15.1-py3-none-musllinux_1_2_aarch64.whl", hash = "sha256:68138a4ba184b4691ccdc39f7795c66b3c68160c586519e7e8444cf5a53e1b4c", size = 10486401, upload-time = "2026-02-12T23:09:27.927Z" },
    { url = "https://files.pythonhosted.org/packages/65/3d/e1429f64a3ff89297497916b88c32a5cc88eeca7e9c787072d0e7f1d3e1e/ruff-0.15.1-py3-none-musllinux_1_2_armv7l.whl", hash = "sha256:518f9af03bfc33c03bdb4cb63fabc935341bb7f54af500f92ac309ecfbba6330", size = 10197452, upload-time = "2026-02-12T23:09:12.147Z" },
    { url = "https://files.pythonhosted.org/packages/78/83/e2c3bade17dad63bf1e1c2ffaf11490603b760be149e1419b07049b36ef2/ruff-0.15.1-py3-none-musllinux_1_2_i686.whl", hash = "sha256:da79f4d6a826caaea95de0237a67e33b81e6ec2e25fc7e1993a4015dffca7c61", size = 10693900, upload-time = "2026-02-12T23:09:34.418Z" },
    { url = "https://files.pythonhosted.org/packages/a1/27/fdc0e11a813e6338e0706e8b39bb7a1d61ea5b36873b351acee7e524a72a/ruff-0.15.1-py3-none-musllinux_1_2_x86_64.whl", hash = "sha256:3dd86dccb83cd7d4dcfac303ffc277e6048600dfc22e38158afa208e8bf94a1f", size = 11227302, upload-time = "2026-02-12T23:09:36.536Z" },
    { url = "https://files.pythonhosted.org/packages/f6/58/ac864a75067dcbd3b95be5ab4eb2b601d7fbc3d3d736a27e391a4f92a5c1/ruff-0.15.1-py3-none-win32.whl", hash = "sha256:660975d9cb49b5d5278b12b03bb9951d554543a90b74ed5d366b20e2c57c2098", size = 10462555, upload-time = "2026-02-12T23:09:29.899Z" },
    { url = "https://files.pythonhosted.org/packages/e0/5e/d4ccc8a27ecdb78116feac4935dfc39d1304536f4296168f91ed3ec00cd2/ruff-0.15.1-py3-none-win_amd64.whl", hash = "sha256:c820fef9dd5d4172a6570e5721704a96c6679b80cf7be41659ed439653f62336", size = 11599956, upload-time = "2026-02-12T23:09:01.157Z" },
    { url = "https://files.pythonhosted.org/packages/2a/07/5bda6a85b220c64c65686bc85bd0bbb23b29c62b3a9f9433fa55f17cda93/ruff-0.15.1-py3-none-win_arm64.whl", hash = "sha256:5ff7d5f0f88567850f45081fac8f4ec212be8d0b963e385c3f7d0d2eb4899416", size = 10874604, upload-time = "2026-02-12T23:09:05.515Z" },
]

[[package]]
name = "setuptools"
version = "82.0.0"
source = { registry = "https://pypi.org/simple" }
sdist = { url = "https://files.pythonhosted.org/packages/82/f3/748f4d6f65d1756b9ae577f329c951cda23fb900e4de9f70900ced962085/setuptools-82.0.0.tar.gz", hash = "sha256:22e0a2d69474c6ae4feb01951cb69d515ed23728cf96d05513d36e42b62b37cb", size = 1144893, upload-time = "2026-02-08T15:08:40.206Z" }
wheels = [
    { url = "https://files.pythonhosted.org/packages/e1/c6/76dc613121b793286a3f91621d7b75a2b493e0390ddca50f11993eadf192/setuptools-82.0.0-py3-none-any.whl", hash = "sha256:70b18734b607bd1da571d097d236cfcfacaf01de45717d59e6e04b96877532e0", size = 1003468, upload-time = "2026-02-08T15:08:38.723Z" },
]

[[package]]
name = "toolz"
version = "1.1.0"
source = { registry = "https://pypi.org/simple" }
sdist = { url = "https://files.pythonhosted.org/packages/11/d6/114b492226588d6ff54579d95847662fc69196bdeec318eb45393b24c192/toolz-1.1.0.tar.gz", hash = "sha256:27a5c770d068c110d9ed9323f24f1543e83b2f300a687b7891c1a6d56b697b5b", size = 52613, upload-time = "2025-10-17T04:03:21.661Z" }
wheels = [
    { url = "https://files.pythonhosted.org/packages/fb/12/5911ae3eeec47800503a238d971e51722ccea5feb8569b735184d5fcdbc0/toolz-1.1.0-py3-none-any.whl", hash = "sha256:15ccc861ac51c53696de0a5d6d4607f99c210739caf987b5d2054f3efed429d8", size = 58093, upload-time = "2025-10-17T04:03:20.435Z" },
]

[[package]]
name = "tree-sitter"
version = "0.20.4"
source = { registry = "https://pypi.org/simple" }
dependencies = [
    { name = "setuptools", marker = "python_full_version >= '3.12'" },
]
sdist = { url = "https://files.pythonhosted.org/packages/4a/64/71b3a0ff7d0d89cb333caeca01992099c165bdd663e7990ea723615e60f4/tree_sitter-0.20.4.tar.gz", hash = "sha256:6adb123e2f3e56399bbf2359924633c882cc40ee8344885200bca0922f713be5", size = 140726, upload-time = "2023-11-13T06:43:08.518Z" }
wheels = [
    { url = "https://files.pythonhosted.org/packages/ab/a7/ec261bea29ca9078759253cb352ef5f6e559b8a23a4ae7330f6c40082807/tree_sitter-0.20.4-cp311-cp311-macosx_10_9_universal2.whl", hash = "sha256:9d22ee75f45836554ee6a11e50dd8f9827941e67c49fce9a0790245b899811a9", size = 257466, upload-time = "2023-11-13T06:41:20.326Z" },
    { url = "https://files.pythonhosted.org/packages/af/0a/a6e47c589b671ea1b48c314ca5fe9f40a77d0c3054d5117435fa8c15f372/tree_sitter-0.20.4-cp311-cp311-macosx_10_9_x86_64.whl", hash = "sha256:2a0ffd76dd991ba745bb5d0ba1d583bec85726d3ddef8c9685dc8636a619adde", size = 137996, upload-time = "2023-11-13T06:41:22.126Z" },
    { url = "https://files.pythonhosted.org/packages/f4/5b/7a060f566389ea65614ae40464ff275473282cefb316b3c1865b4c684af8/tree_sitter-0.20.4-cp311-cp311-macosx_11_0_arm64.whl", hash = "sha256:060d4e5b803be0975f1ac46e54a292eab0701296ccd912f6cdac3f7331e29143", size = 128706, upload-time = "2023-11-13T06:41:23.453Z" },
    { url = "https://files.pythonhosted.org/packages/7b/c6/36a6a08eaef5cf7f8beef91666c9f1f45ec0771fa5f9a67f1de86f2d0ec8/tree_sitter-0.20.4-cp311-cp311-manylinux_2_17_aarch64.manylinux2014_aarch64.whl", hash = "sha256:822e02366dbf223697b2b56b8f91aa5b60571f9fe7c998988a381db1c69604e9", size = 479509, upload-time = "2023-11-13T06:41:24.903Z" },
    { url = "https://files.pythonhosted.org/packages/3f/ce/80b12e0e470bf939dd57507fedad5cdc30e92391703031561e829d6a1819/tree_sitter-0.20.4-cp311-cp311-manylinux_2_17_x86_64.manylinux2014_x86_64.whl", hash = "sha256:527ca72c6a8f60fa719af37fa86f58b7ad0e07b8f74d1c1c7e926c5c888a7e6b", size = 490490, upload-time = "2023-11-13T06:41:26.381Z" },
    { url = "https://files.pythonhosted.org/packages/98/a4/61236fe6303890ff7a2d23f8e05eb4aa372741de2e0bd65baa4f2961c359/tree_sitter-0.20.4-cp311-cp311-musllinux_1_1_aarch64.whl", hash = "sha256:a418ca71309ea7052e076f08d623f33f58eae01a8e8cdc1e6d3a01b5b8ddebfe", size = 473500, upload-time = "2023-11-13T06:41:27.927Z" },
    { url = "https://files.pythonhosted.org/packages/91/48/b3a8e2566256e18da3094b42288cb3e00ed5f6e2078aff04bfaba85776f6/tree_sitter-0.20.4-cp311-cp311-musllinux_1_1_x86_64.whl", hash = "sha256:08c3ba2561b61a83c28ca06a0bce2a5ffcfb6b39f9d27a45e5ebd9cad2bedb7f", size = 484353, upload-time = "2023-11-13T06:41:29.541Z" },
    { url = "https://files.pythonhosted.org/packages/bf/14/fd7302314acd1fdc38ffb19fa5d0779ff53a333cf4e5226fab36eaba4cce/tree_sitter-0.20.4-cp311-cp311-win32.whl", hash = "sha256:8d04c75a389b2de94952d602264852acff8cd3ed1ccf8a2492a080973d5ddd58", size = 95127, upload-time = "2023-11-13T06:41:31.082Z" },
    { url = "https://files.pythonhosted.org/packages/2e/41/3c1534be0d0fce9ea6ccebd1855ef500afa05c54bbbce397988c6b592fb8/tree_sitter-0.20.4-cp311-cp311-win_amd64.whl", hash = "sha256:ba9215c0e7529d9eb370528e5d99b7389d14a7eae94f07d14fa9dab18f267c62", size = 107617, upload-time = "2023-11-13T06:41:32.678Z" },
    { url = "https://files.pythonhosted.org/packages/ac/17/cd3fe4ea74a33a1737e42cab20dc48f13b7fc855af99301d43679bc124ac/tree_sitter-0.20.4-cp312-cp312-macosx_10_9_universal2.whl", hash = "sha256:c4c1af5ed4306071d30970c83ec882520a7bf5d8053996dbc4aa5c59238d4990", size = 257380, upload-time = "2023-11-13T06:41:34.115Z" },
    { url = "https://files.pythonhosted.org/packages/dd/e3/e028aab9e571646f1e8b5b4297f41a90d88f2b6c275989053d2d73a588aa/tree_sitter-0.20.4-cp312-cp312-macosx_10_9_x86_64.whl", hash = "sha256:9d70bfa550cf22c9cea9b3c0d18b889fc4f2a7e9dcf1d6cc93f49fa9d4a94954", size = 138063, upload-time = "2023-11-13T06:41:38.155Z" },
    { url = "https://files.pythonhosted.org/packages/20/81/a908c7acf36fdd01cd7277e34d7e26c72252cd99eacb84123824a52d1267/tree_sitter-0.20.4-cp312-cp312-macosx_11_0_arm64.whl", hash = "sha256:6de537bca0641775d8d175d37303d54998980fc0d997dd9aa89e16b415bf0cc3", size = 128574, upload-time = "2023-11-13T06:41:39.587Z" },
    { url = "https://files.pythonhosted.org/packages/04/a5/a49254e0314df03d1c368ac80bff8f1307a41844ee0d55161ab68862ea93/tree_sitter-0.20.4-cp312-cp312-manylinux_2_17_aarch64.manylinux2014_aarch64.whl", hash = "sha256:9b1c0f8c0e3e50267566f5116cdceedf4e23e8c08b55ef3becbe954a11b16e84", size = 481940, upload-time = "2023-11-13T06:41:41.346Z" },
    { url = "https://files.pythonhosted.org/packages/ea/2e/82c394b3fb46ca0879a66837c917b0856c612c71ea0d8301a2cd659498bb/tree_sitter-0.20.4-cp312-cp312-manylinux_2_17_x86_64.manylinux2014_x86_64.whl", hash = "sha256:20ef2ee6d9bb8e21713949e5ff769ed670fe1217f95b7eeb6c675788438c1e6e", size = 493851, upload-time = "2023-11-13T06:41:43.388Z" },
    { url = "https://files.pythonhosted.org/packages/10/28/a6ccb6484ee7af1587f82e91a94dc2d9502108b43a7a51b8ab19d9d603fb/tree_sitter-0.20.4-cp312-cp312-musllinux_1_1_aarch64.whl", hash = "sha256:b6fd1c881ab0de5faa67168db2d001eee32be5482cb4e0b21b217689a05b6fe4", size = 476635, upload-time = "2023-11-13T06:41:44.858Z" },
    { url = "https://files.pythonhosted.org/packages/5b/4d/9ca258188c19e5588e30c2862879c6a061d17a33cd1c24321d3d9b029591/tree_sitter-0.20.4-cp312-cp312-musllinux_1_1_x86_64.whl", hash = "sha256:bf47047420021d50aec529cb66387c90562350b499ddf56ecef1fc8255439e30", size = 487905, upload-time = "2023-11-13T06:41:46.579Z" },
    { url = "https://files.pythonhosted.org/packages/ba/e9/4797c420e71946040f44a88e095f2dbd2c20cf517eca59a3c79a0e10adf6/tree_sitter-0.20.4-cp312-cp312-win32.whl", hash = "sha256:c16b48378041fc9702b6aa3480f2ffa49ca8ea58141a862acd569e5a0679655f", size = 95293, upload-time = "2023-11-13T06:41:48.03Z" },
    { url = "https://files.pythonhosted.org/packages/7a/47/3e8491b14d0b6aa671a34a60c9347702f276fc4967e4c92273d5bcfd5c2e/tree_sitter-0.20.4-cp312-cp312-win_amd64.whl", hash = "sha256:973e871167079a1b1d7304d361449253efbe2a6974728ad563cf407bd02ddccb", size = 107456, upload-time = "2023-11-13T06:41:49.635Z" },
]

[[package]]
name = "tree-sitter-languages"
version = "1.10.2"
source = { registry = "https://pypi.org/simple" }
dependencies = [
    { name = "tree-sitter" },
]
wheels = [
    { url = "https://files.pythonhosted.org/packages/24/6c/c310e958296ce12076bec846c0bb779bc114897b33901c4c51c09bb6b695/tree_sitter_languages-1.10.2-cp311-cp311-macosx_10_9_x86_64.whl", hash = "sha256:7eb7d7542b2091c875fe52719209631fca36f8c10fa66970d2c576ae6a1b8289", size = 8884893, upload-time = "2024-02-04T10:28:14.963Z" },
    { url = "https://files.pythonhosted.org/packages/65/82/183b039abe46d6753357019b4f0484d5b74973ee4675da2f26af5ba8dfdf/tree_sitter_languages-1.10.2-cp311-cp311-macosx_11_0_arm64.whl", hash = "sha256:6b41bcb00974b1c8a1800c7f1bb476a1d15a0463e760ee24872f2d53b08ee424", size = 9724629, upload-time = "2024-02-04T10:28:17.776Z" },
    { url = "https://files.pythonhosted.org/packages/ba/a2/e8272617901f896ae36459ed2a2ff06d9b1ff5e6157d034c5e2c9885c741/tree_sitter_languages-1.10.2-cp311-cp311-manylinux_2_17_aarch64.manylinux2014_aarch64.whl", hash = "sha256:6f370cd7845c6c81df05680d5bd96db8a99d32b56f4728c5d05978911130a853", size = 8669175, upload-time = "2024-02-04T10:28:19.819Z" },
    { url = "https://files.pythonhosted.org/packages/a6/97/2c72765a807ea226759a827324ed6a74382b4ae1b18321c67333199a4622/tree_sitter_languages-1.10.2-cp311-cp311-manylinux_2_17_i686.manylinux2014_i686.whl", hash = "sha256:a1dc195c88ef4c72607e112a809a69190e096a2e5ebc6201548b3e05fdd169ad", size = 8584029, upload-time = "2024-02-04T10:28:22.464Z" },
    { url = "https://files.pythonhosted.org/packages/96/81/ab4eda8dbd3f736fcc9a508bc69232d3b9076cd46b932d9bf9d49b9a1ec9/tree_sitter_languages-1.10.2-cp311-cp311-manylinux_2_17_x86_64.manylinux2014_x86_64.whl", hash = "sha256:9ae34ac314a7170be24998a0f994c1ac80761d8d4bd126af27ee53a023d3b849", size = 8422544, upload-time = "2024-02-04T10:28:25.104Z" },
    { url = "https://files.pythonhosted.org/packages/80/35/9af34d7259399179ecc2a9f8e73a795c1caf3220b01d566c3ddd20ed5e1c/tree_sitter_languages-1.10.2-cp311-cp311-musllinux_1_1_aarch64.whl", hash = "sha256:01b5742d5f5bd675489486b582bd482215880b26dde042c067f8265a6e925d9c", size = 9186540, upload-time = "2024-02-04T10:28:27.322Z" },
    { url = "https://files.pythonhosted.org/packages/a7/24/3e3d5a83578f9942ab882c9c89e757fd3e98ca7d68f7608c9702d8608a1c/tree_sitter_languages-1.10.2-cp311-cp311-musllinux_1_1_i686.whl", hash = "sha256:ab1cbc46244d34fd16f21edaa20231b2a57f09f092a06ee3d469f3117e6eb954", size = 9166371, upload-time = "2024-02-04T10:28:29.953Z" },
    { url = "https://files.pythonhosted.org/packages/f2/81/7792b474916541081533942598feaabc6e1df993892375a1a3d8f7100483/tree_sitter_languages-1.10.2-cp311-cp311-musllinux_1_1_x86_64.whl", hash = "sha256:0b1149e7467a4e92b8a70e6005fe762f880f493cf811fc003554b29f04f5e7c8", size = 8945341, upload-time = "2024-02-04T10:28:32.696Z" },
    { url = "https://files.pythonhosted.org/packages/6d/80/5e9679325e260cce2893b4a97a3914d5ed729024bb9b08a32d9b0d83ef7a/tree_sitter_languages-1.10.2-cp311-cp311-win32.whl", hash = "sha256:049276343962f4696390ee555acc2c1a65873270c66a6cbe5cb0bca83bcdf3c6", size = 8363372, upload-time = "2024-02-04T10:28:34.907Z" },
    { url = "https://files.pythonhosted.org/packages/d9/52/e122dfc6739664c963a62f4b6717853e86295659c8531e2f1842bad9aba5/tree_sitter_languages-1.10.2-cp311-cp311-win_amd64.whl", hash = "sha256:7f3fdd468a577f04db3b63454d939e26e360229b53c80361920aa1ebf2cd7491", size = 8269020, upload-time = "2024-02-04T10:28:37.43Z" },
    { url = "https://files.pythonhosted.org/packages/8d/bf/a9bd2d6ecbd053de0a5a50c150105b69c90eb49089f9e1d4fc4937e86adc/tree_sitter_languages-1.10.2-cp312-cp312-macosx_10_9_x86_64.whl", hash = "sha256:c0f4c8b2734c45859edc7fcaaeaab97a074114111b5ba51ab4ec7ed52104763c", size = 8884771, upload-time = "2024-02-04T10:28:39.655Z" },
    { url = "https://files.pythonhosted.org/packages/14/fb/1f6fe5903aeb7435cc66d4b56621e9a30a4de64420555b999de65b31fcae/tree_sitter_languages-1.10.2-cp312-cp312-macosx_11_0_arm64.whl", hash = "sha256:eecd3c1244ac3425b7a82ba9125b4ddb45d953bbe61de114c0334fd89b7fe782", size = 9724562, upload-time = "2024-02-04T10:28:42.275Z" },
    { url = "https://files.pythonhosted.org/packages/20/6c/1855a65c9d6b50600f7a68e0182153db7cb12ff81fdebd93e87851dfdd8f/tree_sitter_languages-1.10.2-cp312-cp312-manylinux_2_17_aarch64.manylinux2014_aarch64.whl", hash = "sha256:15db3c8510bc39a80147ee7421bf4782c15c09581c1dc2237ea89cefbd95b846", size = 8678682, upload-time = "2024-02-04T10:28:44.642Z" },
    { url = "https://files.pythonhosted.org/packages/d0/75/eff180f187ce4dc3e5177b3f8508e0061ea786ac44f409cf69cf24bf31a6/tree_sitter_languages-1.10.2-cp312-cp312-manylinux_2_17_i686.manylinux2014_i686.whl", hash = "sha256:92c6487a6feea683154d3e06e6db68c30e0ae749a7ce4ce90b9e4e46b78c85c7", size = 8595099, upload-time = "2024-02-04T10:28:47.767Z" },
    { url = "https://files.pythonhosted.org/packages/f2/e6/eddc76ad899d77adcb5fca6cdf651eb1d33b4a799456bf303540f6cf8204/tree_sitter_languages-1.10.2-cp312-cp312-manylinux_2_17_x86_64.manylinux2014_x86_64.whl", hash = "sha256:6d2f1cd1d1bdd65332f9c2b67d49dcf148cf1ded752851d159ac3e5ee4f4d260", size = 8433569, upload-time = "2024-02-04T10:28:50.404Z" },
    { url = "https://files.pythonhosted.org/packages/06/95/a13da048c33a876d0475974484bf66b1fae07226e8654b1365ab549309cd/tree_sitter_languages-1.10.2-cp312-cp312-musllinux_1_1_aarch64.whl", hash = "sha256:976c8039165b8e12f17a01ddee9f4e23ec6e352b165ad29b44d2bf04e2fbe77e", size = 9196003, upload-time = "2024-02-04T10:28:52.466Z" },
    { url = "https://files.pythonhosted.org/packages/ec/13/9e5cb03914d60dd51047ecbfab5400309fbab14bb25014af388f492da044/tree_sitter_languages-1.10.2-cp312-cp312-musllinux_1_1_i686.whl", hash = "sha256:dafbbdf16bf668a580902e1620f4baa1913e79438abcce721a50647564c687b9", size = 9175560, upload-time = "2024-02-04T10:28:55.064Z" },
    { url = "https://files.pythonhosted.org/packages/19/76/25bb32a9be1c476e388835d5c8de5af2920af055e295770003683896cfe2/tree_sitter_languages-1.10.2-cp312-cp312-musllinux_1_1_x86_64.whl", hash = "sha256:1aeabd3d60d6d276b73cd8f3739d595b1299d123cc079a317f1a5b3c5461e2ca", size = 8956249, upload-time = "2024-02-04T10:28:57.094Z" },
    { url = "https://files.pythonhosted.org/packages/52/01/8e2f97a444d25dde1380ec20b338722f733b6cc290524357b1be3dd452ab/tree_sitter_languages-1.10.2-cp312-cp312-win32.whl", hash = "sha256:fab8ee641914098e8933b87ea3d657bea4dd00723c1ee7038b847b12eeeef4f5", size = 8363094, upload-time = "2024-02-04T10:28:59.156Z" },
    { url = "https://files.pythonhosted.org/packages/47/58/0262e875dd899447476a8ffde7829df3716ffa772990095c65d6de1f053c/tree_sitter_languages-1.10.2-cp312-cp312-win_amd64.whl", hash = "sha256:5e606430d736367e5787fa5a7a0c5a1ec9b85eded0b3596bbc0d83532a40810b", size = 8268983, upload-time = "2024-02-04T10:29:00.987Z" },
]
